
Microsoft Visual Studio Solution File, Format Version 12.00
# Visual Studio 15
VisualStudioVersion = 15.0.27703.2026
MinimumVisualStudioVersion = 10.0.40219.1
Project("{8BC9CEB8-8B4A-11D0-8D11-00A0C91BC942}") = "Producto2", "Producto2\Producto2.vcxproj", "{1DA9D52D-1164-4E1B-8B84-AF1E871E99AF}"
EndProject
Project("{8BC9CEB8-8B4A-11D0-8D11-00A0C91BC942}") = "filelib", "filelib\filelib.vcxproj", "{8BCCFB43-481D-4DFF-87DA-4C80CB0105D1}"
EndProject
Project("{8BC9CEB8-8B4A-11D0-8D11-00A0C91BC942}") = "consolelib", "consolelib\consolelib.vcxproj", "{EB27667A-724D-434C-84E9-44E3CBA22B15}"
EndProject
Global
	GlobalSection(SolutionConfigurationPlatforms) = preSolution
		Debug|x64 = Debug|x64
		Debug|x86 = Debug|x86
		Release|x64 = Release|x64
		Release|x86 = Release|x86
	EndGlobalSection
	GlobalSection(ProjectConfigurationPlatforms) = postSolution
		{1DA9D52D-1164-4E1B-8B84-AF1E871E99AF}.Debug|x64.ActiveCfg = Debug|x64
		{1DA9D52D-1164-4E1B-8B84-AF1E871E99AF}.Debug|x64.Build.0 = Debug|x64
		{1DA9D52D-1164-4E1B-8B84-AF1E871E99AF}.Debug|x86.ActiveCfg = Debug|Win32
		{1DA9D52D-1164-4E1B-8B84-AF1E871E99AF}.Debug|x86.Build.0 = Debug|Win32
		{1DA9D52D-1164-4E1B-8B84-AF1E871E99AF}.Release|x64.ActiveCfg = Release|x64
		{1DA9D52D-1164-4E1B-8B84-AF1E871E99AF}.Release|x64.Build.0 = Release|x64
		{1DA9D52D-1164-4E1B-8B84-AF1E871E99AF}.Release|x86.ActiveCfg = Release|Win32
		{1DA9D52D-1164-4E1B-8B84-AF1E871E99AF}.Release|x86.Build.0 = Release|Win32
		{8BCCFB43-481D-4DFF-87DA-4C80CB0105D1}.Debug|x64.ActiveCfg = Debug|x64
		{8BCCFB43-481D-4DFF-87DA-4C80CB0105D1}.Debug|x64.Build.0 = Debug|x64
		{8BCCFB43-481D-4DFF-87DA-4C80CB0105D1}.Debug|x86.ActiveCfg = Debug|Win32
		{8BCCFB43-481D-4DFF-87DA-4C80CB0105D1}.Debug|x86.Build.0 = Debug|Win32
		{8BCCFB43-481D-4DFF-87DA-4C80CB0105D1}.Release|x64.ActiveCfg = Release|x64
		{8BCCFB43-481D-4DFF-87DA-4C80CB0105D1}.Release|x64.Build.0 = Release|x64
		{8BCCFB43-481D-4DFF-87DA-4C80CB0105D1}.Release|x86.ActiveCfg = Release|Win32
		{8BCCFB43-481D-4DFF-87DA-4C80CB0105D1}.Release|x86.Build.0 = Release|Win32
		{EB27667A-724D-434C-84E9-44E3CBA22B15}.Debug|x64.ActiveCfg = Debug|x64
		{EB27667A-724D-434C-84E9-44E3CBA22B15}.Debug|x64.Build.0 = Debug|x64
		{EB27667A-724D-434C-84E9-44E3CBA22B15}.Debug|x86.ActiveCfg = Debug|Win32
		{EB27667A-724D-434C-84E9-44E3CBA22B15}.Debug|x86.Build.0 = Debug|Win32
		{EB27667A-724D-434C-84E9-44E3CBA22B15}.Release|x64.ActiveCfg = Release|x64
		{EB27667A-724D-434C-84E9-44E3CBA22B15}.Release|x64.Build.0 = Release|x64
		{EB27667A-724D-434C-84E9-44E3CBA22B15}.Release|x86.ActiveCfg = Release|Win32
		{EB27667A-724D-434C-84E9-44E3CBA22B15}.Release|x86.Build.0 = Release|Win32
	EndGlobalSection
	GlobalSection(SolutionProperties) = preSolution
		HideSolutionNode = FALSE
	EndGlobalSection
	GlobalSection(ExtensibilityGlobals) = postSolution
		SolutionGuid = {D5EB40A8-CB43-4A5F-B939-48EFF1492D55}
	EndGlobalSection
EndGlobal
